
Microsoft Visual Studio Solution File, Format Version 12.00
# Visual Studio 2013
VisualStudioVersion = 12.0.21005.1
MinimumVisualStudioVersion = 10.0.40219.1
Project("{FAE04EC0-301F-11D3-BF4B-00C04F79EFBC}") = "FolderWatchService", "FolderWatchService.csproj", "{B7801FDC-381D-4B90-AF6B-17644AF08842}"
EndProject
Project("{FAE04EC0-301F-11D3-BF4B-00C04F79EFBC}") = "ICAPNameSpace", "..\..\ICAP\ICAPNameSpace.csproj", "{F936B168-6146-4386-87F5-132BB5E6A35C}"
EndProject
Project("{FAE04EC0-301F-11D3-BF4B-00C04F79EFBC}") = "FolderWatch", "..\FolderWatch\FolderWatch.csproj", "{77F2791C-230A-497A-AB29-FA1E389D5868}"
EndProject
Global
	GlobalSection(SolutionConfigurationPlatforms) = preSolution
		Debug|Any CPU = Debug|Any CPU
		Release|Any CPU = Release|Any CPU
	EndGlobalSection
	GlobalSection(ProjectConfigurationPlatforms) = postSolution
		{B7801FDC-381D-4B90-AF6B-17644AF08842}.Debug|Any CPU.ActiveCfg = Debug|Any CPU
		{B7801FDC-381D-4B90-AF6B-17644AF08842}.Debug|Any CPU.Build.0 = Debug|Any CPU
		{B7801FDC-381D-4B90-AF6B-17644AF08842}.Release|Any CPU.ActiveCfg = Release|Any CPU
		{B7801FDC-381D-4B90-AF6B-17644AF08842}.Release|Any CPU.Build.0 = Release|Any CPU
		{F936B168-6146-4386-87F5-132BB5E6A35C}.Debug|Any CPU.ActiveCfg = Debug|Any CPU
		{F936B168-6146-4386-87F5-132BB5E6A35C}.Debug|Any CPU.Build.0 = Debug|Any CPU
		{F936B168-6146-4386-87F5-132BB5E6A35C}.Release|Any CPU.ActiveCfg = Release|Any CPU
		{F936B168-6146-4386-87F5-132BB5E6A35C}.Release|Any CPU.Build.0 = Release|Any CPU
		{77F2791C-230A-497A-AB29-FA1E389D5868}.Debug|Any CPU.ActiveCfg = Debug|Any CPU
		{77F2791C-230A-497A-AB29-FA1E389D5868}.Debug|Any CPU.Build.0 = Debug|Any CPU
		{77F2791C-230A-497A-AB29-FA1E389D5868}.Release|Any CPU.ActiveCfg = Release|Any CPU
		{77F2791C-230A-497A-AB29-FA1E389D5868}.Release|Any CPU.Build.0 = Release|Any CPU
	EndGlobalSection
	GlobalSection(SolutionProperties) = preSolution
		HideSolutionNode = FALSE
	EndGlobalSection
EndGlobal
